
Microsoft Visual Studio Solution File, Format Version 12.00
# Visual Studio Version 16
VisualStudioVersion = 25.0.1703.1
MinimumVisualStudioVersion = 10.0.40219.1
Project("{FAE04EC0-301F-11D3-BF4B-00C04F79EFBC}") = "Xamarin.Jakewharton.DiskLruCache", "Xamarin.Jakewharton.DiskLruCache\Xamarin.Jakewharton.DiskLruCache.csproj", "{EBAF7085-FBF2-40A5-83D4-CFB3845F7EBE}"
EndProject
Global
	GlobalSection(SolutionConfigurationPlatforms) = preSolution
		Debug|Any CPU = Debug|Any CPU
		Release|Any CPU = Release|Any CPU
	EndGlobalSection
	GlobalSection(ProjectConfigurationPlatforms) = postSolution
		{EBAF7085-FBF2-40A5-83D4-CFB3845F7EBE}.Debug|Any CPU.ActiveCfg = Debug|Any CPU
		{EBAF7085-FBF2-40A5-83D4-CFB3845F7EBE}.Debug|Any CPU.Build.0 = Debug|Any CPU
		{EBAF7085-FBF2-40A5-83D4-CFB3845F7EBE}.Release|Any CPU.ActiveCfg = Release|Any CPU
		{EBAF7085-FBF2-40A5-83D4-CFB3845F7EBE}.Release|Any CPU.Build.0 = Release|Any CPU
	EndGlobalSection
	GlobalSection(SolutionProperties) = preSolution
		HideSolutionNode = FALSE
	EndGlobalSection
	GlobalSection(ExtensibilityGlobals) = postSolution
		SolutionGuid = {3E024C2C-C657-4E40-8186-31EBECB709FE}
	EndGlobalSection
EndGlobal
